PODS:
  - Alamofire (2.0.0)
  - JBChartView (2.8.15)
  - KeychainAccess (1.2.1)
  - SwiftLoader (0.2.2)
  - TTTAttributedLabel (1.13.4)

DEPENDENCIES:
  - Alamofire (~> 2.0)
  - JBChartView
  - KeychainAccess (from `https://github.com/kishikawakatsumi/KeychainAccess.git`,
    branch `swift-2.0`)
  - SwiftLoader
  - TTTAttributedLabel

EXTERNAL SOURCES:
  KeychainAccess:
    :branch: swift-2.0
    :git: https://github.com/kishikawakatsumi/KeychainAccess.git

CHECKOUT OPTIONS:
  KeychainAccess:
    :commit: d1799b703b6b58e2d6ad7becb3cde620a20fcce2
    :git: https://github.com/kishikawakatsumi/KeychainAccess.git

SPEC CHECKSUMS:
  Alamofire: 2f13548b29d25a58ecd91c9225fb51493e2b782b
  JBChartView: d77d6a713a32547b24ccfaeba90958e7274f0c9d
  KeychainAccess: 2ffa8b1b7130263bb7fe90b359d778696fc2d8ce
  SwiftLoader: 9c5e547ae8e00b1c1079139492d6a273c7f73171
  TTTAttributedLabel: 0a2ac7b2dd726d32a070dafb01446026b11e624f

COCOAPODS: 0.38.2
