PODS:
  - Alamofire (1.2.3)
  - JBChartView (2.8.14)
  - KeychainAccess (1.2.1)
  - SwiftLoader (0.2.2)
  - TTTAttributedLabel (1.13.4)

DEPENDENCIES:
  - Alamofire (~> 1.2)
  - JBChartView
  - KeychainAccess
  - SwiftLoader
  - TTTAttributedLabel

SPEC CHECKSUMS:
  Alamofire: 5550bf0b575ed1a4bf9be572f9463e1015cc169e
  JBChartView: e89eabe6aefabd863ea345f3cedbfb773674647c
  KeychainAccess: 3d7922baf90762a976adb7f6030d74c1a4110a1d
  SwiftLoader: 9c5e547ae8e00b1c1079139492d6a273c7f73171
  TTTAttributedLabel: 0a2ac7b2dd726d32a070dafb01446026b11e624f

COCOAPODS: 0.38.2
