PODS:
  - AMPopTip (0.7.2)
  - JBChartView (2.8.14)
  - KeychainAccess (1.2.0)

DEPENDENCIES:
  - AMPopTip
  - JBChartView
  - KeychainAccess

SPEC CHECKSUMS:
  AMPopTip: 85f39d509fec9746b51a08c18857777dd68566cc
  JBChartView: e89eabe6aefabd863ea345f3cedbfb773674647c
  KeychainAccess: 6ff20bd4990b4840d8bde4e977f8c58e0fe7f3c1

COCOAPODS: 0.36.4
