// !$*UTF8*$!
{
	archiveVersion = 1;
	classes = {
	};
	objectVersion = 46;
	objects = {

/* Begin PBXBuildFile section */
		2708DEE31A5C334800D99A28 /* Images.swift in Sources */ = {isa = PBXBuildFile; fileRef = 2708DEE21A5C334800D99A28 /* Images.swift */; };
		279AA1141A60629C00ADA43F /* MoodView.swift in Sources */ = {isa = PBXBuildFile; fileRef = 279AA1131A60629C00ADA43F /* MoodView.swift */; };
		27A542AF1A48BA4300CC7CA6 /* Category.swift in Sources */ = {isa = PBXBuildFile; fileRef = 27A542AE1A48BA4300CC7CA6 /* Category.swift */; };
		27A542B11A48BAFA00CC7CA6 /* Colors.swift in Sources */ = {isa = PBXBuildFile; fileRef = 27A542B01A48BAFA00CC7CA6 /* Colors.swift */; };
		27A713CD1A48754600344431 /* JournalViewController.swift in Sources */ = {isa = PBXBuildFile; fileRef = 27A713CC1A48754600344431 /* JournalViewController.swift */; };
		27D411C31A48710F008ACC14 /* AppDelegate.swift in Sources */ = {isa = PBXBuildFile; fileRef = 27D411C21A48710F008ACC14 /* AppDelegate.swift */; };
		27D411C51A48710F008ACC14 /* ViewController.swift in Sources */ = {isa = PBXBuildFile; fileRef = 27D411C41A48710F008ACC14 /* ViewController.swift */; };
		27D411C81A48710F008ACC14 /* Main.storyboard in Resources */ = {isa = PBXBuildFile; fileRef = 27D411C61A48710F008ACC14 /* Main.storyboard */; };
		27D411CA1A48710F008ACC14 /* Images.xcassets in Resources */ = {isa = PBXBuildFile; fileRef = 27D411C91A48710F008ACC14 /* Images.xcassets */; };
		27D411CD1A48710F008ACC14 /* LaunchScreen.xib in Resources */ = {isa = PBXBuildFile; fileRef = 27D411CB1A48710F008ACC14 /* LaunchScreen.xib */; };
		27D411D91A48710F008ACC14 /* The_MathTests.swift in Sources */ = {isa = PBXBuildFile; fileRef = 27D411D81A48710F008ACC14 /* The_MathTests.swift */; };
		27D411E51A48715D008ACC14 /* UIViewController.swift in Sources */ = {isa = PBXBuildFile; fileRef = 27D411E41A48715D008ACC14 /* UIViewController.swift */; };
		27D411E71A487315008ACC14 /* MoodViewController.swift in Sources */ = {isa = PBXBuildFile; fileRef = 27D411E61A487315008ACC14 /* MoodViewController.swift */; };
		6373BEF0A68655246E3EFC81 /* libPods.a in Frameworks */ = {isa = PBXBuildFile; fileRef = 1C8547030B110DFB6DF08D49 /* libPods.a */; };
		8D28301D1A7988CF00DCB705 /* OnboardingViewController.swift in Sources */ = {isa = PBXBuildFile; fileRef = 8D28301C1A7988CF00DCB705 /* OnboardingViewController.swift */; };
		8D2CA3211A83F2F900B1B503 /* AuthViewController.swift in Sources */ = {isa = PBXBuildFile; fileRef = 8D2CA3201A83F2F900B1B503 /* AuthViewController.swift */; };
		8D2CA3251A83F33A00B1B503 /* LoginViewController.swift in Sources */ = {isa = PBXBuildFile; fileRef = 8D2CA3241A83F33A00B1B503 /* LoginViewController.swift */; };
		8D2CA3271A83F34A00B1B503 /* SignupViewController.swift in Sources */ = {isa = PBXBuildFile; fileRef = 8D2CA3261A83F34A00B1B503 /* SignupViewController.swift */; };
		8D59B2801A7D4EE7007A29BB /* UIView.swift in Sources */ = {isa = PBXBuildFile; fileRef = 8D59B27F1A7D4EE7007A29BB /* UIView.swift */; };
		8D7A6DC91AE5AB6400AC2CD8 /* CategoryView.swift in Sources */ = {isa = PBXBuildFile; fileRef = 8D7A6DC81AE5AB6400AC2CD8 /* CategoryView.swift */; };
		8D7A6DCB1AE5B1FE00AC2CD8 /* LoveCategoryView.swift in Sources */ = {isa = PBXBuildFile; fileRef = 8D7A6DCA1AE5B1FE00AC2CD8 /* LoveCategoryView.swift */; };
		8D7A6DCD1AE5B27700AC2CD8 /* WorkCategoryView.swift in Sources */ = {isa = PBXBuildFile; fileRef = 8D7A6DCC1AE5B27700AC2CD8 /* WorkCategoryView.swift */; };
		8D7A6DCF1AE5B2AE00AC2CD8 /* MoneyCategoryView.swift in Sources */ = {isa = PBXBuildFile; fileRef = 8D7A6DCE1AE5B2AE00AC2CD8 /* MoneyCategoryView.swift */; };
		8D7A6DD11AE5B2C600AC2CD8 /* SocialCategoryView.swift in Sources */ = {isa = PBXBuildFile; fileRef = 8D7A6DD01AE5B2C600AC2CD8 /* SocialCategoryView.swift */; };
		8D7A6DD31AE5B2E400AC2CD8 /* HomeCategoryView.swift in Sources */ = {isa = PBXBuildFile; fileRef = 8D7A6DD21AE5B2E400AC2CD8 /* HomeCategoryView.swift */; };
		8D7A6DD51AE5B30100AC2CD8 /* HealthCategoryView.swift in Sources */ = {isa = PBXBuildFile; fileRef = 8D7A6DD41AE5B30100AC2CD8 /* HealthCategoryView.swift */; };
		8D7A6DD71AE5B32100AC2CD8 /* SelfCategoryView.swift in Sources */ = {isa = PBXBuildFile; fileRef = 8D7A6DD61AE5B32100AC2CD8 /* SelfCategoryView.swift */; };
		8D7A6DD91AE5B34400AC2CD8 /* ChaoticCategoryView.swift in Sources */ = {isa = PBXBuildFile; fileRef = 8D7A6DD81AE5B34400AC2CD8 /* ChaoticCategoryView.swift */; };
		8D8C30991A8F194700903E76 /* BorderedView.swift in Sources */ = {isa = PBXBuildFile; fileRef = 8D8C30981A8F194700903E76 /* BorderedView.swift */; };
		8DABC1041AE1A90800940A76 /* TransformableColorView.swift in Sources */ = {isa = PBXBuildFile; fileRef = 8DABC1031AE1A90800940A76 /* TransformableColorView.swift */; };
		8DCAED7D1A8FD6D30078CE28 /* SignupCategorySelectionViewController.swift in Sources */ = {isa = PBXBuildFile; fileRef = 8DCAED7C1A8FD6D30078CE28 /* SignupCategorySelectionViewController.swift */; };
		8DD34C111A7F0B1F000C4073 /* CategoryCoordinator.swift in Sources */ = {isa = PBXBuildFile; fileRef = 8DD34C101A7F0B1F000C4073 /* CategoryCoordinator.swift */; };
		8DD79CAD1A7C1F2D007E504A /* InfographViewController.swift in Sources */ = {isa = PBXBuildFile; fileRef = 8DD79CAC1A7C1F2D007E504A /* InfographViewController.swift */; };
		8DE280BE1A8ABD2200B03144 /* Crashlytics.framework in Frameworks */ = {isa = PBXBuildFile; fileRef = 8DE280BC1A8ABD2200B03144 /* Crashlytics.framework */; };
		8DE280BF1A8ABD2200B03144 /* Fabric.framework in Frameworks */ = {isa = PBXBuildFile; fileRef = 8DE280BD1A8ABD2200B03144 /* Fabric.framework */; };
		8DEEF6851AE561BA00996D35 /* MaskAnimationController.swift in Sources */ = {isa = PBXBuildFile; fileRef = 8DEEF6841AE561BA00996D35 /* MaskAnimationController.swift */; };
		8DF1274A1A8ACAEB000B5C4A /* Tracker.swift in Sources */ = {isa = PBXBuildFile; fileRef = 8DF127491A8ACAEB000B5C4A /* Tracker.swift */; };
/* End PBXBuildFile section */

/* Begin PBXContainerItemProxy section */
		27D411D31A48710F008ACC14 /* PBXContainerItemProxy */ = {
			isa = PBXContainerItemProxy;
			containerPortal = 27D411B51A48710F008ACC14 /* Project object */;
			proxyType = 1;
			remoteGlobalIDString = 27D411BC1A48710F008ACC14;
			remoteInfo = "The Math";
		};
/* End PBXContainerItemProxy section */

/* Begin PBXFileReference section */
		1C8547030B110DFB6DF08D49 /* libPods.a */ = {isa = PBXFileReference; explicitFileType = archive.ar; includeInIndex = 0; path = libPods.a; sourceTree = BUILT_PRODUCTS_DIR; };
		2708DEE21A5C334800D99A28 /* Images.swift */ = {isa = PBXFileReference; fileEncoding = 4; lastKnownFileType = sourcecode.swift; path = Images.swift; sourceTree = "<group>"; };
		279AA1131A60629C00ADA43F /* MoodView.swift */ = {isa = PBXFileReference; fileEncoding = 4; lastKnownFileType = sourcecode.swift; path = MoodView.swift; sourceTree = "<group>"; };
		27A542AE1A48BA4300CC7CA6 /* Category.swift */ = {isa = PBXFileReference; fileEncoding = 4; lastKnownFileType = sourcecode.swift; path = Category.swift; sourceTree = "<group>"; };
		27A542B01A48BAFA00CC7CA6 /* Colors.swift */ = {isa = PBXFileReference; fileEncoding = 4; lastKnownFileType = sourcecode.swift; path = Colors.swift; sourceTree = "<group>"; };
		27A713CC1A48754600344431 /* JournalViewController.swift */ = {isa = PBXFileReference; fileEncoding = 4; lastKnownFileType = sourcecode.swift; path = JournalViewController.swift; sourceTree = "<group>"; };
		27D411BD1A48710F008ACC14 /* HowAmIDoing.app */ = {isa = PBXFileReference; explicitFileType = wrapper.application; includeInIndex = 0; path = HowAmIDoing.app; sourceTree = BUILT_PRODUCTS_DIR; };
		27D411C11A48710F008ACC14 /* Info.plist */ = {isa = PBXFileReference; lastKnownFileType = text.plist.xml; path = Info.plist; sourceTree = "<group>"; };
		27D411C21A48710F008ACC14 /* AppDelegate.swift */ = {isa = PBXFileReference; lastKnownFileType = sourcecode.swift; path = AppDelegate.swift; sourceTree = "<group>"; };
		27D411C41A48710F008ACC14 /* ViewController.swift */ = {isa = PBXFileReference; lastKnownFileType = sourcecode.swift; path = ViewController.swift; sourceTree = "<group>"; };
		27D411C71A48710F008ACC14 /* Base */ = {isa = PBXFileReference; lastKnownFileType = file.storyboard; name = Base; path = Base.lproj/Main.storyboard; sourceTree = "<group>"; };
		27D411C91A48710F008ACC14 /* Images.xcassets */ = {isa = PBXFileReference; lastKnownFileType = folder.assetcatalog; path = Images.xcassets; sourceTree = "<group>"; };
		27D411CC1A48710F008ACC14 /* Base */ = {isa = PBXFileReference; lastKnownFileType = file.xib; name = Base; path = Base.lproj/LaunchScreen.xib; sourceTree = "<group>"; };
		27D411D21A48710F008ACC14 /* HowAmIDoingTests.xctest */ = {isa = PBXFileReference; explicitFileType = wrapper.cfbundle; includeInIndex = 0; path = HowAmIDoingTests.xctest; sourceTree = BUILT_PRODUCTS_DIR; };
		27D411D71A48710F008ACC14 /* Info.plist */ = {isa = PBXFileReference; lastKnownFileType = text.plist.xml; path = Info.plist; sourceTree = "<group>"; };
		27D411D81A48710F008ACC14 /* The_MathTests.swift */ = {isa = PBXFileReference; lastKnownFileType = sourcecode.swift; path = The_MathTests.swift; sourceTree = "<group>"; };
		27D411E41A48715D008ACC14 /* UIViewController.swift */ = {isa = PBXFileReference; fileEncoding = 4; lastKnownFileType = sourcecode.swift; path = UIViewController.swift; sourceTree = "<group>"; };
		27D411E61A487315008ACC14 /* MoodViewController.swift */ = {isa = PBXFileReference; fileEncoding = 4; lastKnownFileType = sourcecode.swift; path = MoodViewController.swift; sourceTree = "<group>"; };
		305714F6D9DCEB558838C92F /* Pods.release.xcconfig */ = {isa = PBXFileReference; includeInIndex = 1; lastKnownFileType = text.xcconfig; name = Pods.release.xcconfig; path = "Pods/Target Support Files/Pods/Pods.release.xcconfig"; sourceTree = "<group>"; };
		8D28301C1A7988CF00DCB705 /* OnboardingViewController.swift */ = {isa = PBXFileReference; fileEncoding = 4; lastKnownFileType = sourcecode.swift; path = OnboardingViewController.swift; sourceTree = "<group>"; };
		8D2CA3201A83F2F900B1B503 /* AuthViewController.swift */ = {isa = PBXFileReference; fileEncoding = 4; lastKnownFileType = sourcecode.swift; path = AuthViewController.swift; sourceTree = "<group>"; };
		8D2CA3241A83F33A00B1B503 /* LoginViewController.swift */ = {isa = PBXFileReference; fileEncoding = 4; lastKnownFileType = sourcecode.swift; path = LoginViewController.swift; sourceTree = "<group>"; };
		8D2CA3261A83F34A00B1B503 /* SignupViewController.swift */ = {isa = PBXFileReference; fileEncoding = 4; lastKnownFileType = sourcecode.swift; path = SignupViewController.swift; sourceTree = "<group>"; };
		8D531D0B1A7AD44D00EEAB88 /* The Math-Bridging-Header.h */ = {isa = PBXFileReference; lastKnownFileType = sourcecode.c.h; path = "The Math-Bridging-Header.h"; sourceTree = "<group>"; };
		8D59B27F1A7D4EE7007A29BB /* UIView.swift */ = {isa = PBXFileReference; fileEncoding = 4; lastKnownFileType = sourcecode.swift; path = UIView.swift; sourceTree = "<group>"; };
		8D7A6DC81AE5AB6400AC2CD8 /* CategoryView.swift */ = {isa = PBXFileReference; fileEncoding = 4; lastKnownFileType = sourcecode.swift; path = CategoryView.swift; sourceTree = "<group>"; };
		8D7A6DCA1AE5B1FE00AC2CD8 /* LoveCategoryView.swift */ = {isa = PBXFileReference; fileEncoding = 4; lastKnownFileType = sourcecode.swift; path = LoveCategoryView.swift; sourceTree = "<group>"; };
		8D7A6DCC1AE5B27700AC2CD8 /* WorkCategoryView.swift */ = {isa = PBXFileReference; fileEncoding = 4; lastKnownFileType = sourcecode.swift; path = WorkCategoryView.swift; sourceTree = "<group>"; };
		8D7A6DCE1AE5B2AE00AC2CD8 /* MoneyCategoryView.swift */ = {isa = PBXFileReference; fileEncoding = 4; lastKnownFileType = sourcecode.swift; path = MoneyCategoryView.swift; sourceTree = "<group>"; };
		8D7A6DD01AE5B2C600AC2CD8 /* SocialCategoryView.swift */ = {isa = PBXFileReference; fileEncoding = 4; lastKnownFileType = sourcecode.swift; path = SocialCategoryView.swift; sourceTree = "<group>"; };
		8D7A6DD21AE5B2E400AC2CD8 /* HomeCategoryView.swift */ = {isa = PBXFileReference; fileEncoding = 4; lastKnownFileType = sourcecode.swift; path = HomeCategoryView.swift; sourceTree = "<group>"; };
		8D7A6DD41AE5B30100AC2CD8 /* HealthCategoryView.swift */ = {isa = PBXFileReference; fileEncoding = 4; lastKnownFileType = sourcecode.swift; path = HealthCategoryView.swift; sourceTree = "<group>"; };
		8D7A6DD61AE5B32100AC2CD8 /* SelfCategoryView.swift */ = {isa = PBXFileReference; fileEncoding = 4; lastKnownFileType = sourcecode.swift; path = SelfCategoryView.swift; sourceTree = "<group>"; };
		8D7A6DD81AE5B34400AC2CD8 /* ChaoticCategoryView.swift */ = {isa = PBXFileReference; fileEncoding = 4; lastKnownFileType = sourcecode.swift; path = ChaoticCategoryView.swift; sourceTree = "<group>"; };
		8D8C30981A8F194700903E76 /* BorderedView.swift */ = {isa = PBXFileReference; fileEncoding = 4; lastKnownFileType = sourcecode.swift; path = BorderedView.swift; sourceTree = "<group>"; };
		8DABC1031AE1A90800940A76 /* TransformableColorView.swift */ = {isa = PBXFileReference; fileEncoding = 4; lastKnownFileType = sourcecode.swift; path = TransformableColorView.swift; sourceTree = "<group>"; };
		8DCAED7C1A8FD6D30078CE28 /* SignupCategorySelectionViewController.swift */ = {isa = PBXFileReference; fileEncoding = 4; lastKnownFileType = sourcecode.swift; path = SignupCategorySelectionViewController.swift; sourceTree = "<group>"; };
		8DD34C101A7F0B1F000C4073 /* CategoryCoordinator.swift */ = {isa = PBXFileReference; fileEncoding = 4; lastKnownFileType = sourcecode.swift; path = CategoryCoordinator.swift; sourceTree = "<group>"; };
		8DD79CAC1A7C1F2D007E504A /* InfographViewController.swift */ = {isa = PBXFileReference; fileEncoding = 4; lastKnownFileType = sourcecode.swift; path = InfographViewController.swift; sourceTree = "<group>"; };
		8DE280BC1A8ABD2200B03144 /* Crashlytics.framework */ = {isa = PBXFileReference; lastKnownFileType = wrapper.framework; path = Crashlytics.framework; sourceTree = "<group>"; };
		8DE280BD1A8ABD2200B03144 /* Fabric.framework */ = {isa = PBXFileReference; lastKnownFileType = wrapper.framework; path = Fabric.framework; sourceTree = "<group>"; };
		8DEEF6841AE561BA00996D35 /* MaskAnimationController.swift */ = {isa = PBXFileReference; fileEncoding = 4; lastKnownFileType = sourcecode.swift; path = MaskAnimationController.swift; sourceTree = "<group>"; };
		8DF127491A8ACAEB000B5C4A /* Tracker.swift */ = {isa = PBXFileReference; fileEncoding = 4; lastKnownFileType = sourcecode.swift; path = Tracker.swift; sourceTree = "<group>"; };
		B49602A05B8896501A44F70E /* Pods.debug.xcconfig */ = {isa = PBXFileReference; includeInIndex = 1; lastKnownFileType = text.xcconfig; name = Pods.debug.xcconfig; path = "Pods/Target Support Files/Pods/Pods.debug.xcconfig"; sourceTree = "<group>"; };
/* End PBXFileReference section */

/* Begin PBXFrameworksBuildPhase section */
		27D411BA1A48710F008ACC14 /* Frameworks */ = {
			isa = PBXFrameworksBuildPhase;
			buildActionMask = 2147483647;
			files = (
				8DE280BE1A8ABD2200B03144 /* Crashlytics.framework in Frameworks */,
				6373BEF0A68655246E3EFC81 /* libPods.a in Frameworks */,
				8DE280BF1A8ABD2200B03144 /* Fabric.framework in Frameworks */,
			);
			runOnlyForDeploymentPostprocessing = 0;
		};
		27D411CF1A48710F008ACC14 /* Frameworks */ = {
			isa = PBXFrameworksBuildPhase;
			buildActionMask = 2147483647;
			files = (
			);
			runOnlyForDeploymentPostprocessing = 0;
		};
/* End PBXFrameworksBuildPhase section */

/* Begin PBXGroup section */
		03AB71A64CC21D0A2B5A4514 /* Frameworks */ = {
			isa = PBXGroup;
			children = (
				8DE280BC1A8ABD2200B03144 /* Crashlytics.framework */,
				8DE280BD1A8ABD2200B03144 /* Fabric.framework */,
				1C8547030B110DFB6DF08D49 /* libPods.a */,
			);
			name = Frameworks;
			sourceTree = "<group>";
		};
		27A542B41A48BDDC00CC7CA6 /* Extensions */ = {
			isa = PBXGroup;
			children = (
				27D411E41A48715D008ACC14 /* UIViewController.swift */,
				8D59B27F1A7D4EE7007A29BB /* UIView.swift */,
				27A542B01A48BAFA00CC7CA6 /* Colors.swift */,
				2708DEE21A5C334800D99A28 /* Images.swift */,
			);
			name = Extensions;
			sourceTree = "<group>";
		};
		27C078391A5AF20C007E0BDF /* Model */ = {
			isa = PBXGroup;
			children = (
				27A542AE1A48BA4300CC7CA6 /* Category.swift */,
				8DD34C101A7F0B1F000C4073 /* CategoryCoordinator.swift */,
				8DF127491A8ACAEB000B5C4A /* Tracker.swift */,
			);
			name = Model;
			sourceTree = "<group>";
		};
		27D411B41A48710F008ACC14 = {
			isa = PBXGroup;
			children = (
				27D411BF1A48710F008ACC14 /* The Math */,
				27D411D51A48710F008ACC14 /* The MathTests */,
				27D411BE1A48710F008ACC14 /* Products */,
				3C44C9792FDD9DBF99705956 /* Pods */,
				03AB71A64CC21D0A2B5A4514 /* Frameworks */,
			);
			sourceTree = "<group>";
		};
		27D411BE1A48710F008ACC14 /* Products */ = {
			isa = PBXGroup;
			children = (
				27D411BD1A48710F008ACC14 /* HowAmIDoing.app */,
				27D411D21A48710F008ACC14 /* HowAmIDoingTests.xctest */,
			);
			name = Products;
			sourceTree = "<group>";
		};
		27D411BF1A48710F008ACC14 /* The Math */ = {
			isa = PBXGroup;
			children = (
				27D411C21A48710F008ACC14 /* AppDelegate.swift */,
				27C078391A5AF20C007E0BDF /* Model */,
				8DED66171A7ED37900327B41 /* Modules */,
				27A542B41A48BDDC00CC7CA6 /* Extensions */,
				27D411C61A48710F008ACC14 /* Main.storyboard */,
				27D411CB1A48710F008ACC14 /* LaunchScreen.xib */,
				27D411C91A48710F008ACC14 /* Images.xcassets */,
				27D411C01A48710F008ACC14 /* Supporting Files */,
				8D531D0B1A7AD44D00EEAB88 /* The Math-Bridging-Header.h */,
			);
			path = "The Math";
			sourceTree = "<group>";
		};
		27D411C01A48710F008ACC14 /* Supporting Files */ = {
			isa = PBXGroup;
			children = (
				27D411C11A48710F008ACC14 /* Info.plist */,
			);
			name = "Supporting Files";
			sourceTree = "<group>";
		};
		27D411D51A48710F008ACC14 /* The MathTests */ = {
			isa = PBXGroup;
			children = (
				27D411D81A48710F008ACC14 /* The_MathTests.swift */,
				27D411D61A48710F008ACC14 /* Supporting Files */,
			);
			path = "The MathTests";
			sourceTree = "<group>";
		};
		27D411D61A48710F008ACC14 /* Supporting Files */ = {
			isa = PBXGroup;
			children = (
				27D411D71A48710F008ACC14 /* Info.plist */,
			);
			name = "Supporting Files";
			sourceTree = "<group>";
		};
		3C44C9792FDD9DBF99705956 /* Pods */ = {
			isa = PBXGroup;
			children = (
				B49602A05B8896501A44F70E /* Pods.debug.xcconfig */,
				305714F6D9DCEB558838C92F /* Pods.release.xcconfig */,
			);
			name = Pods;
			sourceTree = "<group>";
		};
		8D2CA3281A83F34D00B1B503 /* Auth */ = {
			isa = PBXGroup;
			children = (
				8D2CA3201A83F2F900B1B503 /* AuthViewController.swift */,
				8D2CA3241A83F33A00B1B503 /* LoginViewController.swift */,
				8D2CA3261A83F34A00B1B503 /* SignupViewController.swift */,
			);
			name = Auth;
			sourceTree = "<group>";
		};
		8DED66171A7ED37900327B41 /* Modules */ = {
			isa = PBXGroup;
			children = (
				27D411C41A48710F008ACC14 /* ViewController.swift */,
				8DEEF6841AE561BA00996D35 /* MaskAnimationController.swift */,
				8DED66181A7ED37E00327B41 /* Onboarding */,
				8DED661A1A7ED38C00327B41 /* Mood */,
				8DED66191A7ED38700327B41 /* Journal */,
				8DED661B1A7ED39100327B41 /* Infograph */,
			);
			name = Modules;
			sourceTree = "<group>";
		};
		8DED66181A7ED37E00327B41 /* Onboarding */ = {
			isa = PBXGroup;
			children = (
				8D28301C1A7988CF00DCB705 /* OnboardingViewController.swift */,
				8DCAED7C1A8FD6D30078CE28 /* SignupCategorySelectionViewController.swift */,
				8D8C30981A8F194700903E76 /* BorderedView.swift */,
				8D2CA3281A83F34D00B1B503 /* Auth */,
			);
			name = Onboarding;
			sourceTree = "<group>";
		};
		8DED66191A7ED38700327B41 /* Journal */ = {
			isa = PBXGroup;
			children = (
				27A713CC1A48754600344431 /* JournalViewController.swift */,
				8D7A6DC81AE5AB6400AC2CD8 /* CategoryView.swift */,
				8D7A6DCA1AE5B1FE00AC2CD8 /* LoveCategoryView.swift */,
				8D7A6DCC1AE5B27700AC2CD8 /* WorkCategoryView.swift */,
				8D7A6DCE1AE5B2AE00AC2CD8 /* MoneyCategoryView.swift */,
				8D7A6DD01AE5B2C600AC2CD8 /* SocialCategoryView.swift */,
				8D7A6DD21AE5B2E400AC2CD8 /* HomeCategoryView.swift */,
				8D7A6DD41AE5B30100AC2CD8 /* HealthCategoryView.swift */,
				8D7A6DD61AE5B32100AC2CD8 /* SelfCategoryView.swift */,
				8D7A6DD81AE5B34400AC2CD8 /* ChaoticCategoryView.swift */,
			);
			name = Journal;
			sourceTree = "<group>";
		};
		8DED661A1A7ED38C00327B41 /* Mood */ = {
			isa = PBXGroup;
			children = (
				27D411E61A487315008ACC14 /* MoodViewController.swift */,
				279AA1131A60629C00ADA43F /* MoodView.swift */,
				8DABC1031AE1A90800940A76 /* TransformableColorView.swift */,
			);
			name = Mood;
			sourceTree = "<group>";
		};
		8DED661B1A7ED39100327B41 /* Infograph */ = {
			isa = PBXGroup;
			children = (
				8DD79CAC1A7C1F2D007E504A /* InfographViewController.swift */,
			);
			name = Infograph;
			sourceTree = "<group>";
		};
/* End PBXGroup section */

/* Begin PBXNativeTarget section */
		27D411BC1A48710F008ACC14 /* HowAmIDoing */ = {
			isa = PBXNativeTarget;
			buildConfigurationList = 27D411DC1A48710F008ACC14 /* Build configuration list for PBXNativeTarget "HowAmIDoing" */;
			buildPhases = (
				29616D3D01325CBCCB4AE1E0 /* Check Pods Manifest.lock */,
				27D411B91A48710F008ACC14 /* Sources */,
				27D411BA1A48710F008ACC14 /* Frameworks */,
				27D411BB1A48710F008ACC14 /* Resources */,
				C9F7C27B4BEEE655AE87294E /* Copy Pods Resources */,
				8DE280BB1A8ABCE200B03144 /* ShellScript */,
			);
			buildRules = (
			);
			dependencies = (
			);
			name = HowAmIDoing;
			productName = "The Math";
			productReference = 27D411BD1A48710F008ACC14 /* HowAmIDoing.app */;
			productType = "com.apple.product-type.application";
		};
		27D411D11A48710F008ACC14 /* HowAmIDoingTests */ = {
			isa = PBXNativeTarget;
			buildConfigurationList = 27D411DF1A48710F008ACC14 /* Build configuration list for PBXNativeTarget "HowAmIDoingTests" */;
			buildPhases = (
				27D411CE1A48710F008ACC14 /* Sources */,
				27D411CF1A48710F008ACC14 /* Frameworks */,
				27D411D01A48710F008ACC14 /* Resources */,
			);
			buildRules = (
			);
			dependencies = (
				27D411D41A48710F008ACC14 /* PBXTargetDependency */,
			);
			name = HowAmIDoingTests;
			productName = "The MathTests";
			productReference = 27D411D21A48710F008ACC14 /* HowAmIDoingTests.xctest */;
			productType = "com.apple.product-type.bundle.unit-test";
		};
/* End PBXNativeTarget section */

/* Begin PBXProject section */
		27D411B51A48710F008ACC14 /* Project object */ = {
			isa = PBXProject;
			attributes = {
				LastUpgradeCheck = 0610;
				ORGANIZATIONNAME = "Mike Kavouras";
				TargetAttributes = {
					27D411BC1A48710F008ACC14 = {
						CreatedOnToolsVersion = 6.1.1;
						DevelopmentTeam = 8979A5Q5P5;
					};
					27D411D11A48710F008ACC14 = {
						CreatedOnToolsVersion = 6.1.1;
						TestTargetID = 27D411BC1A48710F008ACC14;
					};
				};
			};
			buildConfigurationList = 27D411B81A48710F008ACC14 /* Build configuration list for PBXProject "HowAmIDoing" */;
			compatibilityVersion = "Xcode 3.2";
			developmentRegion = English;
			hasScannedForEncodings = 0;
			knownRegions = (
				en,
				Base,
			);
			mainGroup = 27D411B41A48710F008ACC14;
			productRefGroup = 27D411BE1A48710F008ACC14 /* Products */;
			projectDirPath = "";
			projectRoot = "";
			targets = (
				27D411BC1A48710F008ACC14 /* HowAmIDoing */,
				27D411D11A48710F008ACC14 /* HowAmIDoingTests */,
			);
		};
/* End PBXProject section */

/* Begin PBXResourcesBuildPhase section */
		27D411BB1A48710F008ACC14 /* Resources */ = {
			isa = PBXResourcesBuildPhase;
			buildActionMask = 2147483647;
			files = (
				27D411C81A48710F008ACC14 /* Main.storyboard in Resources */,
				27D411CD1A48710F008ACC14 /* LaunchScreen.xib in Resources */,
				27D411CA1A48710F008ACC14 /* Images.xcassets in Resources */,
			);
			runOnlyForDeploymentPostprocessing = 0;
		};
		27D411D01A48710F008ACC14 /* Resources */ = {
			isa = PBXResourcesBuildPhase;
			buildActionMask = 2147483647;
			files = (
			);
			runOnlyForDeploymentPostprocessing = 0;
		};
/* End PBXResourcesBuildPhase section */

/* Begin PBXShellScriptBuildPhase section */
		29616D3D01325CBCCB4AE1E0 /* Check Pods Manifest.lock */ = {
			isa = PBXShellScriptBuildPhase;
			buildActionMask = 2147483647;
			files = (
			);
			inputPaths = (
			);
			name = "Check Pods Manifest.lock";
			outputPaths = (
			);
			runOnlyForDeploymentPostprocessing = 0;
			shellPath = /bin/sh;
			shellScript = "diff \"${PODS_ROOT}/../Podfile.lock\" \"${PODS_ROOT}/Manifest.lock\" > /dev/null\nif [[ $? != 0 ]] ; then\n    cat << EOM\nerror: The sandbox is not in sync with the Podfile.lock. Run 'pod install' or update your CocoaPods installation.\nEOM\n    exit 1\nfi\n";
			showEnvVarsInLog = 0;
		};
		8DE280BB1A8ABCE200B03144 /* ShellScript */ = {
			isa = PBXShellScriptBuildPhase;
			buildActionMask = 2147483647;
			files = (
			);
			inputPaths = (
			);
			outputPaths = (
			);
			runOnlyForDeploymentPostprocessing = 0;
			shellPath = /bin/sh;
			shellScript = "./Fabric.framework/run 6269cd422f0592884da208d04a5215b3c1c0c1b9 4399a2698828ab36d83cb0c5f0a51ca80dbfb17b2dfc8fe168b7c1860ee902b8";
		};
		C9F7C27B4BEEE655AE87294E /* Copy Pods Resources */ = {
			isa = PBXShellScriptBuildPhase;
			buildActionMask = 2147483647;
			files = (
			);
			inputPaths = (
			);
			name = "Copy Pods Resources";
			outputPaths = (
			);
			runOnlyForDeploymentPostprocessing = 0;
			shellPath = /bin/sh;
			shellScript = "\"${SRCROOT}/Pods/Target Support Files/Pods/Pods-resources.sh\"\n";
			showEnvVarsInLog = 0;
		};
/* End PBXShellScriptBuildPhase section */

/* Begin PBXSourcesBuildPhase section */
		27D411B91A48710F008ACC14 /* Sources */ = {
			isa = PBXSourcesBuildPhase;
			buildActionMask = 2147483647;
			files = (
				8D7A6DCB1AE5B1FE00AC2CD8 /* LoveCategoryView.swift in Sources */,
				8D2CA3251A83F33A00B1B503 /* LoginViewController.swift in Sources */,
				8DABC1041AE1A90800940A76 /* TransformableColorView.swift in Sources */,
				8D59B2801A7D4EE7007A29BB /* UIView.swift in Sources */,
				8D7A6DCF1AE5B2AE00AC2CD8 /* MoneyCategoryView.swift in Sources */,
				8DF1274A1A8ACAEB000B5C4A /* Tracker.swift in Sources */,
				2708DEE31A5C334800D99A28 /* Images.swift in Sources */,
				8D7A6DD11AE5B2C600AC2CD8 /* SocialCategoryView.swift in Sources */,
				27A542B11A48BAFA00CC7CA6 /* Colors.swift in Sources */,
				27D411C51A48710F008ACC14 /* ViewController.swift in Sources */,
				8D2CA3211A83F2F900B1B503 /* AuthViewController.swift in Sources */,
				279AA1141A60629C00ADA43F /* MoodView.swift in Sources */,
				8D7A6DD31AE5B2E400AC2CD8 /* HomeCategoryView.swift in Sources */,
				27D411E71A487315008ACC14 /* MoodViewController.swift in Sources */,
				8D28301D1A7988CF00DCB705 /* OnboardingViewController.swift in Sources */,
				8DEEF6851AE561BA00996D35 /* MaskAnimationController.swift in Sources */,
				8D7A6DD71AE5B32100AC2CD8 /* SelfCategoryView.swift in Sources */,
				8D7A6DCD1AE5B27700AC2CD8 /* WorkCategoryView.swift in Sources */,
				27D411C31A48710F008ACC14 /* AppDelegate.swift in Sources */,
				8D8C30991A8F194700903E76 /* BorderedView.swift in Sources */,
				27D411E51A48715D008ACC14 /* UIViewController.swift in Sources */,
				27A713CD1A48754600344431 /* JournalViewController.swift in Sources */,
				8D7A6DC91AE5AB6400AC2CD8 /* CategoryView.swift in Sources */,
				27A542AF1A48BA4300CC7CA6 /* Category.swift in Sources */,
				8D7A6DD91AE5B34400AC2CD8 /* ChaoticCategoryView.swift in Sources */,
				8DD79CAD1A7C1F2D007E504A /* InfographViewController.swift in Sources */,
				8DD34C111A7F0B1F000C4073 /* CategoryCoordinator.swift in Sources */,
				8D7A6DD51AE5B30100AC2CD8 /* HealthCategoryView.swift in Sources */,
				8D2CA3271A83F34A00B1B503 /* SignupViewController.swift in Sources */,
				8DCAED7D1A8FD6D30078CE28 /* SignupCategorySelectionViewController.swift in Sources */,
			);
			runOnlyForDeploymentPostprocessing = 0;
		};
		27D411CE1A48710F008ACC14 /* Sources */ = {
			isa = PBXSourcesBuildPhase;
			buildActionMask = 2147483647;
			files = (
				27D411D91A48710F008ACC14 /* The_MathTests.swift in Sources */,
			);
			runOnlyForDeploymentPostprocessing = 0;
		};
/* End PBXSourcesBuildPhase section */

/* Begin PBXTargetDependency section */
		27D411D41A48710F008ACC14 /* PBXTargetDependency */ = {
			isa = PBXTargetDependency;
			target = 27D411BC1A48710F008ACC14 /* HowAmIDoing */;
			targetProxy = 27D411D31A48710F008ACC14 /* PBXContainerItemProxy */;
		};
/* End PBXTargetDependency section */

/* Begin PBXVariantGroup section */
		27D411C61A48710F008ACC14 /* Main.storyboard */ = {
			isa = PBXVariantGroup;
			children = (
				27D411C71A48710F008ACC14 /* Base */,
			);
			name = Main.storyboard;
			sourceTree = "<group>";
		};
		27D411CB1A48710F008ACC14 /* LaunchScreen.xib */ = {
			isa = PBXVariantGroup;
			children = (
				27D411CC1A48710F008ACC14 /* Base */,
			);
			name = LaunchScreen.xib;
			sourceTree = "<group>";
		};
/* End PBXVariantGroup section */

/* Begin XCBuildConfiguration section */
		27D411DA1A48710F008ACC14 /* Debug */ = {
			isa = XCBuildConfiguration;
			buildSettings = {
				ALWAYS_SEARCH_USER_PATHS = NO;
				CLANG_CXX_LANGUAGE_STANDARD = "gnu++0x";
				CLANG_CXX_LIBRARY = "libc++";
				CLANG_ENABLE_MODULES = YES;
				CLANG_ENABLE_OBJC_ARC = YES;
				CLANG_WARN_BOOL_CONVERSION = YES;
				CLANG_WARN_CONSTANT_CONVERSION = YES;
				CLANG_WARN_DIRECT_OBJC_ISA_USAGE = YES_ERROR;
				CLANG_WARN_EMPTY_BODY = YES;
				CLANG_WARN_ENUM_CONVERSION = YES;
				CLANG_WARN_INT_CONVERSION = YES;
				CLANG_WARN_OBJC_ROOT_CLASS = YES_ERROR;
				CLANG_WARN_UNREACHABLE_CODE = YES;
				CLANG_WARN__DUPLICATE_METHOD_MATCH = YES;
				"CODE_SIGN_IDENTITY[sdk=iphoneos*]" = "iPhone Developer";
				COPY_PHASE_STRIP = NO;
				ENABLE_STRICT_OBJC_MSGSEND = YES;
				GCC_C_LANGUAGE_STANDARD = gnu99;
				GCC_DYNAMIC_NO_PIC = NO;
				GCC_OPTIMIZATION_LEVEL = 0;
				GCC_PREPROCESSOR_DEFINITIONS = (
					"DEBUG=1",
					"$(inherited)",
				);
				GCC_SYMBOLS_PRIVATE_EXTERN = NO;
				GCC_WARN_64_TO_32_BIT_CONVERSION = YES;
				GCC_WARN_ABOUT_RETURN_TYPE = YES_ERROR;
				GCC_WARN_UNDECLARED_SELECTOR = YES;
				GCC_WARN_UNINITIALIZED_AUTOS = YES_AGGRESSIVE;
				GCC_WARN_UNUSED_FUNCTION = YES;
				GCC_WARN_UNUSED_VARIABLE = YES;
				IPHONEOS_DEPLOYMENT_TARGET = 8.1;
				MTL_ENABLE_DEBUG_INFO = YES;
				ONLY_ACTIVE_ARCH = YES;
				SDKROOT = iphoneos;
				SWIFT_OPTIMIZATION_LEVEL = "-Onone";
			};
			name = Debug;
		};
		27D411DB1A48710F008ACC14 /* Release */ = {
			isa = XCBuildConfiguration;
			buildSettings = {
				ALWAYS_SEARCH_USER_PATHS = NO;
				CLANG_CXX_LANGUAGE_STANDARD = "gnu++0x";
				CLANG_CXX_LIBRARY = "libc++";
				CLANG_ENABLE_MODULES = YES;
				CLANG_ENABLE_OBJC_ARC = YES;
				CLANG_WARN_BOOL_CONVERSION = YES;
				CLANG_WARN_CONSTANT_CONVERSION = YES;
				CLANG_WARN_DIRECT_OBJC_ISA_USAGE = YES_ERROR;
				CLANG_WARN_EMPTY_BODY = YES;
				CLANG_WARN_ENUM_CONVERSION = YES;
				CLANG_WARN_INT_CONVERSION = YES;
				CLANG_WARN_OBJC_ROOT_CLASS = YES_ERROR;
				CLANG_WARN_UNREACHABLE_CODE = YES;
				CLANG_WARN__DUPLICATE_METHOD_MATCH = YES;
				"CODE_SIGN_IDENTITY[sdk=iphoneos*]" = "iPhone Developer";
				COPY_PHASE_STRIP = YES;
				ENABLE_NS_ASSERTIONS = NO;
				ENABLE_STRICT_OBJC_MSGSEND = YES;
				GCC_C_LANGUAGE_STANDARD = gnu99;
				GCC_WARN_64_TO_32_BIT_CONVERSION = YES;
				GCC_WARN_ABOUT_RETURN_TYPE = YES_ERROR;
				GCC_WARN_UNDECLARED_SELECTOR = YES;
				GCC_WARN_UNINITIALIZED_AUTOS = YES_AGGRESSIVE;
				GCC_WARN_UNUSED_FUNCTION = YES;
				GCC_WARN_UNUSED_VARIABLE = YES;
				IPHONEOS_DEPLOYMENT_TARGET = 8.1;
				MTL_ENABLE_DEBUG_INFO = NO;
				SDKROOT = iphoneos;
				VALIDATE_PRODUCT = YES;
			};
			name = Release;
		};
		27D411DD1A48710F008ACC14 /* Debug */ = {
			isa = XCBuildConfiguration;
			baseConfigurationReference = B49602A05B8896501A44F70E /* Pods.debug.xcconfig */;
			buildSettings = {
				ASSETCATALOG_COMPILER_APPICON_NAME = AppIcon;
				CLANG_ENABLE_MODULES = YES;
				CODE_SIGN_IDENTITY = "iPhone Developer";
				"CODE_SIGN_IDENTITY[sdk=iphoneos*]" = "iPhone Developer";
				FRAMEWORK_SEARCH_PATHS = (
					"$(inherited)",
					"$(PROJECT_DIR)",
				);
				INFOPLIST_FILE = "The Math/Info.plist";
				LD_RUNPATH_SEARCH_PATHS = "$(inherited) @executable_path/Frameworks";
				OTHER_CFLAGS = (
					"$(inherited)",
					"-isystem",
					"\"${PODS_ROOT}/Headers/Public\"",
				);
				OTHER_LDFLAGS = (
					"-ObjC",
					"-l\"z\"",
					"-framework",
					"\"CFNetwork\"",
					"-framework",
					"\"CoreGraphics\"",
					"-framework",
					"\"QuartzCore\"",
					"$(inherited)",
				);
				OTHER_LIBTOOLFLAGS = "$(inherited)";
				PRODUCT_NAME = HowAmIDoing;
				PROVISIONING_PROFILE = "";
				SWIFT_OBJC_BRIDGING_HEADER = "The Math/The Math-Bridging-Header.h";
				SWIFT_OPTIMIZATION_LEVEL = "-Onone";
			};
			name = Debug;
		};
		27D411DE1A48710F008ACC14 /* Release */ = {
			isa = XCBuildConfiguration;
			baseConfigurationReference = 305714F6D9DCEB558838C92F /* Pods.release.xcconfig */;
			buildSettings = {
				ASSETCATALOG_COMPILER_APPICON_NAME = AppIcon;
				CLANG_ENABLE_MODULES = YES;
				CODE_SIGN_IDENTITY = "iPhone Developer";
				"CODE_SIGN_IDENTITY[sdk=iphoneos*]" = "iPhone Developer";
				FRAMEWORK_SEARCH_PATHS = (
					"$(inherited)",
					"$(PROJECT_DIR)",
				);
				INFOPLIST_FILE = "The Math/Info.plist";
				LD_RUNPATH_SEARCH_PATHS = "$(inherited) @executable_path/Frameworks";
				OTHER_CFLAGS = (
					"$(inherited)",
					"-isystem",
					"\"${PODS_ROOT}/Headers/Public\"",
				);
				OTHER_LDFLAGS = (
					"-ObjC",
					"-l\"z\"",
					"-framework",
					"\"CFNetwork\"",
					"-framework",
					"\"CoreGraphics\"",
					"-framework",
					"\"QuartzCore\"",
					"$(inherited)",
				);
				OTHER_LIBTOOLFLAGS = "$(inherited)";
				PRODUCT_NAME = HowAmIDoing;
				PROVISIONING_PROFILE = "";
				SWIFT_OBJC_BRIDGING_HEADER = "The Math/The Math-Bridging-Header.h";
			};
			name = Release;
		};
		27D411E01A48710F008ACC14 /* Debug */ = {
			isa = XCBuildConfiguration;
			buildSettings = {
				BUNDLE_LOADER = "$(TEST_HOST)";
				FRAMEWORK_SEARCH_PATHS = (
					"$(SDKROOT)/Developer/Library/Frameworks",
					"$(inherited)",
				);
				GCC_PREPROCESSOR_DEFINITIONS = (
					"DEBUG=1",
					"$(inherited)",
				);
				INFOPLIST_FILE = "The MathTests/Info.plist";
				LD_RUNPATH_SEARCH_PATHS = "$(inherited) @executable_path/Frameworks @loader_path/Frameworks";
				PRODUCT_NAME = HowAmIDoingTests;
				TEST_HOST = "$(BUILT_PRODUCTS_DIR)/The Math.app/The Math";
			};
			name = Debug;
		};
		27D411E11A48710F008ACC14 /* Release */ = {
			isa = XCBuildConfiguration;
			buildSettings = {
				BUNDLE_LOADER = "$(TEST_HOST)";
				FRAMEWORK_SEARCH_PATHS = (
					"$(SDKROOT)/Developer/Library/Frameworks",
					"$(inherited)",
				);
				INFOPLIST_FILE = "The MathTests/Info.plist";
				LD_RUNPATH_SEARCH_PATHS = "$(inherited) @executable_path/Frameworks @loader_path/Frameworks";
				PRODUCT_NAME = HowAmIDoingTests;
				TEST_HOST = "$(BUILT_PRODUCTS_DIR)/The Math.app/The Math";
			};
			name = Release;
		};
/* End XCBuildConfiguration section */

/* Begin XCConfigurationList section */
		27D411B81A48710F008ACC14 /* Build configuration list for PBXProject "HowAmIDoing" */ = {
			isa = XCConfigurationList;
			buildConfigurations = (
				27D411DA1A48710F008ACC14 /* Debug */,
				27D411DB1A48710F008ACC14 /* Release */,
			);
			defaultConfigurationIsVisible = 0;
			defaultConfigurationName = Release;
		};
		27D411DC1A48710F008ACC14 /* Build configuration list for PBXNativeTarget "HowAmIDoing" */ = {
			isa = XCConfigurationList;
			buildConfigurations = (
				27D411DD1A48710F008ACC14 /* Debug */,
				27D411DE1A48710F008ACC14 /* Release */,
			);
			defaultConfigurationIsVisible = 0;
			defaultConfigurationName = Release;
		};
		27D411DF1A48710F008ACC14 /* Build configuration list for PBXNativeTarget "HowAmIDoingTests" */ = {
			isa = XCConfigurationList;
			buildConfigurations = (
				27D411E01A48710F008ACC14 /* Debug */,
				27D411E11A48710F008ACC14 /* Release */,
			);
			defaultConfigurationIsVisible = 0;
			defaultConfigurationName = Release;
		};
/* End XCConfigurationList section */
	};
	rootObject = 27D411B51A48710F008ACC14 /* Project object */;
}
